
Microsoft Visual Studio Solution File, Format Version 12.00
# Visual Studio Version 16
VisualStudioVersion = 16.0.31702.278
MinimumVisualStudioVersion = 10.0.40219.1
Project("{FAE04EC0-301F-11D3-BF4B-00C04F79EFBC}") = "MaquetaWeb", "MaquetaWeb.csproj", "{DCA4A541-B7DD-424B-9418-06D19838C485}"
EndProject
Global
	GlobalSection(SolutionConfigurationPlatforms) = preSolution
		Debug|Any CPU = Debug|Any CPU
		Release|Any CPU = Release|Any CPU
	EndGlobalSection
	GlobalSection(ProjectConfigurationPlatforms) = postSolution
		{DCA4A541-B7DD-424B-9418-06D19838C485}.Debug|Any CPU.ActiveCfg = Debug|Any CPU
		{DCA4A541-B7DD-424B-9418-06D19838C485}.Debug|Any CPU.Build.0 = Debug|Any CPU
		{DCA4A541-B7DD-424B-9418-06D19838C485}.Release|Any CPU.ActiveCfg = Release|Any CPU
		{DCA4A541-B7DD-424B-9418-06D19838C485}.Release|Any CPU.Build.0 = Release|Any CPU
	EndGlobalSection
	GlobalSection(SolutionProperties) = preSolution
		HideSolutionNode = FALSE
	EndGlobalSection
	GlobalSection(ExtensibilityGlobals) = postSolution
		SolutionGuid = {7271D572-8CB9-4A31-93CD-3E025891B6FE}
	EndGlobalSection
EndGlobal
